{
    "name": "simple-syntax",
    "version": "0.1.0",
    "lockfileVersion": 3,
    "requires": true,
    "packages": {
        "": {
            "name": "simple-syntax",
            "version": "0.1.0",
            "devDependencies": {},
            "engines": {
                "vscode": "^1.50.0"
            }
        }
    }
}

